// !$*UTF8*$!
{
	archiveVersion = 1;
	classes = {
	};
	objectVersion = 46;
	objects = {

/* Begin PBXBuildFile section */
		0D3433BD1CDDF7740023C4DD /* makefile in Sources */ = {isa = PBXBuildFile; fileRef = 0D3433BC1CDDF7740023C4DD /* makefile */; };
		0D703CBE1CD9E86B008378D1 /* draw_helper.c in Sources */ = {isa = PBXBuildFile; fileRef = 0D703CBC1CD9E86B008378D1 /* draw_helper.c */; };
		0D7D8E2D1CD62FA0009E7DD4 /* main.c in Sources */ = {isa = PBXBuildFile; fileRef = 0D7D8E2C1CD62FA0009E7DD4 /* main.c */; };
		0D7D8E351CD62FAC009E7DD4 /* parse_helper.c in Sources */ = {isa = PBXBuildFile; fileRef = 0D7D8E331CD62FAC009E7DD4 /* parse_helper.c */; };
		0DB92A5C1CDF4CE600F55D7E /* my_string.c in Sources */ = {isa = PBXBuildFile; fileRef = 0DB92A5A1CDF4CE600F55D7E /* my_string.c */; };
		0DB92A5F1CDF4CED00F55D7E /* sentinel_linked_list.c in Sources */ = {isa = PBXBuildFile; fileRef = 0DB92A5D1CDF4CED00F55D7E /* sentinel_linked_list.c */; };
/* End PBXBuildFile section */

/* Begin PBXCopyFilesBuildPhase section */
		0D7D8E271CD62FA0009E7DD4 /* CopyFiles */ = {
			isa = PBXCopyFilesBuildPhase;
			buildActionMask = 2147483647;
			dstPath = /usr/share/man/man1/;
			dstSubfolderSpec = 0;
			files = (
			);
			runOnlyForDeploymentPostprocessing = 1;
		};
/* End PBXCopyFilesBuildPhase section */

/* Begin PBXFileReference section */
		0D3433BC1CDDF7740023C4DD /* makefile */ = {isa = PBXFileReference; fileEncoding = 4; lastKnownFileType = sourcecode.make; path = makefile; sourceTree = "<group>"; };
		0D703CBC1CD9E86B008378D1 /* draw_helper.c */ = {isa = PBXFileReference; fileEncoding = 4; lastKnownFileType = sourcecode.c.c; path = draw_helper.c; sourceTree = "<group>"; };
		0D703CBD1CD9E86B008378D1 /* draw_helper.h */ = {isa = PBXFileReference; fileEncoding = 4; lastKnownFileType = sourcecode.c.h; path = draw_helper.h; sourceTree = "<group>"; };
		0D7D8E291CD62FA0009E7DD4 /* EX2_GRADED_SP_CAIROCHARTS */ = {isa = PBXFileReference; explicitFileType = "compiled.mach-o.executable"; includeInIndex = 0; path = EX2_GRADED_SP_CAIROCHARTS; sourceTree = BUILT_PRODUCTS_DIR; };
		0D7D8E2C1CD62FA0009E7DD4 /* main.c */ = {isa = PBXFileReference; lastKnownFileType = sourcecode.c.c; path = main.c; sourceTree = "<group>"; };
		0D7D8E331CD62FAC009E7DD4 /* parse_helper.c */ = {isa = PBXFileReference; fileEncoding = 4; lastKnownFileType = sourcecode.c.c; path = parse_helper.c; sourceTree = "<group>"; };
		0D7D8E341CD62FAC009E7DD4 /* parse_helper.h */ = {isa = PBXFileReference; fileEncoding = 4; lastKnownFileType = sourcecode.c.h; path = parse_helper.h; sourceTree = "<group>"; };
		0DB92A5A1CDF4CE600F55D7E /* my_string.c */ = {isa = PBXFileReference; fileEncoding = 4; lastKnownFileType = sourcecode.c.c; path = my_string.c; sourceTree = "<group>"; };
		0DB92A5B1CDF4CE600F55D7E /* my_string.h */ = {isa = PBXFileReference; fileEncoding = 4; lastKnownFileType = sourcecode.c.h; path = my_string.h; sourceTree = "<group>"; };
		0DB92A5D1CDF4CED00F55D7E /* sentinel_linked_list.c */ = {isa = PBXFileReference; fileEncoding = 4; lastKnownFileType = sourcecode.c.c; path = sentinel_linked_list.c; sourceTree = "<group>"; };
		0DB92A5E1CDF4CED00F55D7E /* sentinel_linked_list.h */ = {isa = PBXFileReference; fileEncoding = 4; lastKnownFileType = sourcecode.c.h; path = sentinel_linked_list.h; sourceTree = "<group>"; };
/* End PBXFileReference section */

/* Begin PBXFrameworksBuildPhase section */
		0D7D8E261CD62FA0009E7DD4 /* Frameworks */ = {
			isa = PBXFrameworksBuildPhase;
			buildActionMask = 2147483647;
			files = (
			);
			runOnlyForDeploymentPostprocessing = 0;
		};
/* End PBXFrameworksBuildPhase section */

/* Begin PBXGroup section */
		0D7D8E201CD62FA0009E7DD4 = {
			isa = PBXGroup;
			children = (
				0D7D8E2B1CD62FA0009E7DD4 /* EX2_GRADED_SP_CAIROCHARTS */,
				0D7D8E2A1CD62FA0009E7DD4 /* Products */,
			);
			sourceTree = "<group>";
		};
		0D7D8E2A1CD62FA0009E7DD4 /* Products */ = {
			isa = PBXGroup;
			children = (
				0D7D8E291CD62FA0009E7DD4 /* EX2_GRADED_SP_CAIROCHARTS */,
			);
			name = Products;
			sourceTree = "<group>";
		};
		0D7D8E2B1CD62FA0009E7DD4 /* EX2_GRADED_SP_CAIROCHARTS */ = {
			isa = PBXGroup;
			children = (
				0DB92A5D1CDF4CED00F55D7E /* sentinel_linked_list.c */,
				0DB92A5E1CDF4CED00F55D7E /* sentinel_linked_list.h */,
				0DB92A5A1CDF4CE600F55D7E /* my_string.c */,
				0DB92A5B1CDF4CE600F55D7E /* my_string.h */,
				0D3433BC1CDDF7740023C4DD /* makefile */,
				0D7D8E2C1CD62FA0009E7DD4 /* main.c */,
				0D703CBC1CD9E86B008378D1 /* draw_helper.c */,
				0D703CBD1CD9E86B008378D1 /* draw_helper.h */,
				0D7D8E331CD62FAC009E7DD4 /* parse_helper.c */,
				0D7D8E341CD62FAC009E7DD4 /* parse_helper.h */,
			);
			path = EX2_GRADED_SP_CAIROCHARTS;
			sourceTree = "<group>";
		};
/* End PBXGroup section */

/* Begin PBXNativeTarget section */
		0D7D8E281CD62FA0009E7DD4 /* EX2_GRADED_SP_CAIROCHARTS */ = {
			isa = PBXNativeTarget;
			buildConfigurationList = 0D7D8E301CD62FA0009E7DD4 /* Build configuration list for PBXNativeTarget "EX2_GRADED_SP_CAIROCHARTS" */;
			buildPhases = (
				0D7D8E251CD62FA0009E7DD4 /* Sources */,
				0D7D8E261CD62FA0009E7DD4 /* Frameworks */,
				0D7D8E271CD62FA0009E7DD4 /* CopyFiles */,
			);
			buildRules = (
			);
			dependencies = (
			);
			name = EX2_GRADED_SP_CAIROCHARTS;
			productName = EX2_GRADED_SP_CAIROCHARTS;
			productReference = 0D7D8E291CD62FA0009E7DD4 /* EX2_GRADED_SP_CAIROCHARTS */;
			productType = "com.apple.product-type.tool";
		};
/* End PBXNativeTarget section */

/* Begin PBXProject section */
		0D7D8E211CD62FA0009E7DD4 /* Project object */ = {
			isa = PBXProject;
			attributes = {
				LastUpgradeCheck = 0730;
				ORGANIZATIONNAME = "Francesco Saverio Zuppichini";
				TargetAttributes = {
					0D7D8E281CD62FA0009E7DD4 = {
						CreatedOnToolsVersion = 7.3;
					};
				};
			};
			buildConfigurationList = 0D7D8E241CD62FA0009E7DD4 /* Build configuration list for PBXProject "EX2_GRADED_SP_CAIROCHARTS" */;
			compatibilityVersion = "Xcode 3.2";
			developmentRegion = English;
			hasScannedForEncodings = 0;
			knownRegions = (
				en,
			);
			mainGroup = 0D7D8E201CD62FA0009E7DD4;
			productRefGroup = 0D7D8E2A1CD62FA0009E7DD4 /* Products */;
			projectDirPath = "";
			projectRoot = "";
			targets = (
				0D7D8E281CD62FA0009E7DD4 /* EX2_GRADED_SP_CAIROCHARTS */,
			);
		};
/* End PBXProject section */

/* Begin PBXSourcesBuildPhase section */
		0D7D8E251CD62FA0009E7DD4 /* Sources */ = {
			isa = PBXSourcesBuildPhase;
			buildActionMask = 2147483647;
			files = (
				0DB92A5F1CDF4CED00F55D7E /* sentinel_linked_list.c in Sources */,
				0D703CBE1CD9E86B008378D1 /* draw_helper.c in Sources */,
				0D3433BD1CDDF7740023C4DD /* makefile in Sources */,
				0D7D8E2D1CD62FA0009E7DD4 /* main.c in Sources */,
				0DB92A5C1CDF4CE600F55D7E /* my_string.c in Sources */,
				0D7D8E351CD62FAC009E7DD4 /* parse_helper.c in Sources */,
			);
			runOnlyForDeploymentPostprocessing = 0;
		};
/* End PBXSourcesBuildPhase section */

/* Begin XCBuildConfiguration section */
		0D7D8E2E1CD62FA0009E7DD4 /* Debug */ = {
			isa = XCBuildConfiguration;
			buildSettings = {
				ALWAYS_SEARCH_USER_PATHS = NO;
				CLANG_ANALYZER_NONNULL = YES;
				CLANG_CXX_LANGUAGE_STANDARD = "gnu++0x";
				CLANG_CXX_LIBRARY = "libc++";
				CLANG_ENABLE_MODULES = YES;
				CLANG_ENABLE_OBJC_ARC = YES;
				CLANG_WARN_BOOL_CONVERSION = YES;
				CLANG_WARN_CONSTANT_CONVERSION = YES;
				CLANG_WARN_DIRECT_OBJC_ISA_USAGE = YES_ERROR;
				CLANG_WARN_EMPTY_BODY = YES;
				CLANG_WARN_ENUM_CONVERSION = YES;
				CLANG_WARN_INT_CONVERSION = YES;
				CLANG_WARN_OBJC_ROOT_CLASS = YES_ERROR;
				CLANG_WARN_UNREACHABLE_CODE = YES;
				CLANG_WARN__DUPLICATE_METHOD_MATCH = YES;
				CODE_SIGN_IDENTITY = "-";
				COPY_PHASE_STRIP = NO;
				DEBUG_INFORMATION_FORMAT = dwarf;
				ENABLE_STRICT_OBJC_MSGSEND = YES;
				ENABLE_TESTABILITY = YES;
				GCC_C_LANGUAGE_STANDARD = gnu99;
				GCC_DYNAMIC_NO_PIC = NO;
				GCC_NO_COMMON_BLOCKS = YES;
				GCC_OPTIMIZATION_LEVEL = 0;
				GCC_PREPROCESSOR_DEFINITIONS = (
					"DEBUG=1",
					"$(inherited)",
				);
				GCC_WARN_64_TO_32_BIT_CONVERSION = YES;
				GCC_WARN_ABOUT_RETURN_TYPE = YES_ERROR;
				GCC_WARN_UNDECLARED_SELECTOR = YES;
				GCC_WARN_UNINITIALIZED_AUTOS = YES_AGGRESSIVE;
				GCC_WARN_UNUSED_FUNCTION = YES;
				GCC_WARN_UNUSED_VARIABLE = YES;
				MACOSX_DEPLOYMENT_TARGET = 10.11;
				MTL_ENABLE_DEBUG_INFO = YES;
				ONLY_ACTIVE_ARCH = YES;
				SDKROOT = macosx;
			};
			name = Debug;
		};
		0D7D8E2F1CD62FA0009E7DD4 /* Release */ = {
			isa = XCBuildConfiguration;
			buildSettings = {
				ALWAYS_SEARCH_USER_PATHS = NO;
				CLANG_ANALYZER_NONNULL = YES;
				CLANG_CXX_LANGUAGE_STANDARD = "gnu++0x";
				CLANG_CXX_LIBRARY = "libc++";
				CLANG_ENABLE_MODULES = YES;
				CLANG_ENABLE_OBJC_ARC = YES;
				CLANG_WARN_BOOL_CONVERSION = YES;
				CLANG_WARN_CONSTANT_CONVERSION = YES;
				CLANG_WARN_DIRECT_OBJC_ISA_USAGE = YES_ERROR;
				CLANG_WARN_EMPTY_BODY = YES;
				CLANG_WARN_ENUM_CONVERSION = YES;
				CLANG_WARN_INT_CONVERSION = YES;
				CLANG_WARN_OBJC_ROOT_CLASS = YES_ERROR;
				CLANG_WARN_UNREACHABLE_CODE = YES;
				CLANG_WARN__DUPLICATE_METHOD_MATCH = YES;
				CODE_SIGN_IDENTITY = "-";
				COPY_PHASE_STRIP = NO;
				DEBUG_INFORMATION_FORMAT = "dwarf-with-dsym";
				ENABLE_NS_ASSERTIONS = NO;
				ENABLE_STRICT_OBJC_MSGSEND = YES;
				GCC_C_LANGUAGE_STANDARD = gnu99;
				GCC_NO_COMMON_BLOCKS = YES;
				GCC_WARN_64_TO_32_BIT_CONVERSION = YES;
				GCC_WARN_ABOUT_RETURN_TYPE = YES_ERROR;
				GCC_WARN_UNDECLARED_SELECTOR = YES;
				GCC_WARN_UNINITIALIZED_AUTOS = YES_AGGRESSIVE;
				GCC_WARN_UNUSED_FUNCTION = YES;
				GCC_WARN_UNUSED_VARIABLE = YES;
				MACOSX_DEPLOYMENT_TARGET = 10.11;
				MTL_ENABLE_DEBUG_INFO = NO;
				SDKROOT = macosx;
			};
			name = Release;
		};
		0D7D8E311CD62FA0009E7DD4 /* Debug */ = {
			isa = XCBuildConfiguration;
			buildSettings = {
				HEADER_SEARCH_PATHS = "/usr/local/include/cairo/**";
				LIBRARY_SEARCH_PATHS = "/usr/local/include/**";
				OTHER_CFLAGS = (
					"-I/usr/local/include/cairo",
					"-I/usr/local/Cellar/glib/2.46.2/include/glib-2.0",
					"-I/usr/local/Cellar/glib/2.46.2/lib/glib-2.0/include",
					"-I/usr/local/opt/gettext/include",
					"-I/usr/local/include/pixman-1",
					"-L/usr/local/lib",
					"-lcairo",
				);
				OTHER_LDFLAGS = (
					"-I/usr/local/include/cairo",
					"-I/usr/local/Cellar/glib/2.46.2/include/glib-2.0",
					"-I/usr/local/Cellar/glib/2.46.2/lib/glib-2.0/include",
					"-I/usr/local/opt/gettext/include",
					"-I/usr/local/include/pixman-1",
					"-L/usr/local/lib",
					"-lcairo",
				);
				PRODUCT_NAME = "$(TARGET_NAME)";
			};
			name = Debug;
		};
		0D7D8E321CD62FA0009E7DD4 /* Release */ = {
			isa = XCBuildConfiguration;
			buildSettings = {
				HEADER_SEARCH_PATHS = "/usr/local/include/cairo/**";
				LIBRARY_SEARCH_PATHS = "/usr/local/include/**";
				OTHER_CFLAGS = (
					"-I/usr/local/include/cairo",
					"-I/usr/local/Cellar/glib/2.46.2/include/glib-2.0",
					"-I/usr/local/Cellar/glib/2.46.2/lib/glib-2.0/include",
					"-I/usr/local/opt/gettext/include",
					"-I/usr/local/include/pixman-1",
					"-L/usr/local/lib",
					"-lcairo",
				);
				OTHER_LDFLAGS = (
					"-I/usr/local/include/cairo",
					"-I/usr/local/Cellar/glib/2.46.2/include/glib-2.0",
					"-I/usr/local/Cellar/glib/2.46.2/lib/glib-2.0/include",
					"-I/usr/local/opt/gettext/include",
					"-I/usr/local/include/pixman-1",
					"-L/usr/local/lib",
					"-lcairo",
				);
				PRODUCT_NAME = "$(TARGET_NAME)";
			};
			name = Release;
		};
/* End XCBuildConfiguration section */

/* Begin XCConfigurationList section */
		0D7D8E241CD62FA0009E7DD4 /* Build configuration list for PBXProject "EX2_GRADED_SP_CAIROCHARTS" */ = {
			isa = XCConfigurationList;
			buildConfigurations = (
				0D7D8E2E1CD62FA0009E7DD4 /* Debug */,
				0D7D8E2F1CD62FA0009E7DD4 /* Release */,
			);
			defaultConfigurationIsVisible = 0;
			defaultConfigurationName = Release;
		};
		0D7D8E301CD62FA0009E7DD4 /* Build configuration list for PBXNativeTarget "EX2_GRADED_SP_CAIROCHARTS" */ = {
			isa = XCConfigurationList;
			buildConfigurations = (
				0D7D8E311CD62FA0009E7DD4 /* Debug */,
				0D7D8E321CD62FA0009E7DD4 /* Release */,
			);
			defaultConfigurationIsVisible = 0;
			defaultConfigurationName = Release;
		};
/* End XCConfigurationList section */
	};
	rootObject = 0D7D8E211CD62FA0009E7DD4 /* Project object */;
}
